
Microsoft Visual Studio Solution File, Format Version 12.00
# Visual Studio Version 17
VisualStudioVersion = 17.10.35013.160
MinimumVisualStudioVersion = 10.0.40219.1
Project("{FAE04EC0-301F-11D3-BF4B-00C04F79EFBC}") = "E25ProjetEtendu", "E25ProjetEtendu\E25ProjetEtendu.csproj", "{57A15338-0668-44D9-A5B6-ABAC7BE93379}"
EndProject
Global
	GlobalSection(SolutionConfigurationPlatforms) = preSolution
		Debug|Any CPU = Debug|Any CPU
		Release|Any CPU = Release|Any CPU
	EndGlobalSection
	GlobalSection(ProjectConfigurationPlatforms) = postSolution
		{57A15338-0668-44D9-A5B6-ABAC7BE93379}.Debug|Any CPU.ActiveCfg = Debug|Any CPU
		{57A15338-0668-44D9-A5B6-ABAC7BE93379}.Debug|Any CPU.Build.0 = Debug|Any CPU
		{57A15338-0668-44D9-A5B6-ABAC7BE93379}.Release|Any CPU.ActiveCfg = Release|Any CPU
		{57A15338-0668-44D9-A5B6-ABAC7BE93379}.Release|Any CPU.Build.0 = Release|Any CPU
	EndGlobalSection
	GlobalSection(SolutionProperties) = preSolution
		HideSolutionNode = FALSE
	EndGlobalSection
	GlobalSection(ExtensibilityGlobals) = postSolution
		SolutionGuid = {920DED11-98D2-47B0-BB55-B1F8A2F72BE9}
	EndGlobalSection
EndGlobal
